Microsoft Visual Studio Solution File, Format Version 11.00
# Visual Studio 2008

Project("{60FC25BB-76C0-6BF7-F30B-F909544C8701}") = "MyoArmProject", "Assembly-CSharp.csproj", "{BC721769-0B3B-7030-492F-C9B140193188}"
EndProject
Project("{60FC25BB-76C0-6BF7-F30B-F909544C8701}") = "MyoArmProject", "Assembly-CSharp-Editor.csproj", "{86F68469-16E3-818E-F82D-D109DEF20481}"
EndProject
Global
	GlobalSection(SolutionConfigurationPlatforms) = preSolution
		Debug|Any CPU = Debug|Any CPU
		Release|Any CPU = Release|Any CPU
	EndGlobalSection
	GlobalSection(ProjectConfigurationPlatforms) = postSolution
		{BC721769-0B3B-7030-492F-C9B140193188}.Debug|Any CPU.ActiveCfg = Debug|Any CPU
		{BC721769-0B3B-7030-492F-C9B140193188}.Debug|Any CPU.Build.0 = Debug|Any CPU
		{BC721769-0B3B-7030-492F-C9B140193188}.Release|Any CPU.ActiveCfg = Release|Any CPU
		{BC721769-0B3B-7030-492F-C9B140193188}.Release|Any CPU.Build.0 = Release|Any CPU
		{86F68469-16E3-818E-F82D-D109DEF20481}.Debug|Any CPU.ActiveCfg = Debug|Any CPU
		{86F68469-16E3-818E-F82D-D109DEF20481}.Debug|Any CPU.Build.0 = Debug|Any CPU
		{86F68469-16E3-818E-F82D-D109DEF20481}.Release|Any CPU.ActiveCfg = Release|Any CPU
		{86F68469-16E3-818E-F82D-D109DEF20481}.Release|Any CPU.Build.0 = Release|Any CPU
	EndGlobalSection
	GlobalSection(SolutionProperties) = preSolution
		HideSolutionNode = FALSE
	EndGlobalSection
	GlobalSection(MonoDevelopProperties) = preSolution
		StartupItem = Assembly-CSharp.csproj
	EndGlobalSection
EndGlobal
